
Microsoft Visual Studio Solution File, Format Version 12.00
# Visual Studio 15
VisualStudioVersion = 15.0.26730.16
MinimumVisualStudioVersion = 10.0.40219.1
Project("{FAE04EC0-301F-11D3-BF4B-00C04F79EFBC}") = "Pizzawork", "Pizzawork\Pizzawork.csproj", "{ABAC57EF-0C0A-4F42-B2A9-359BF04651C1}"
EndProject
Project("{FAE04EC0-301F-11D3-BF4B-00C04F79EFBC}") = "PizzaWork.BusinessLayer", "PizzaWork.BusinessLayer\PizzaWork.BusinessLayer.csproj", "{E2312F5D-F40F-47A2-BD81-062514B3B698}"
EndProject
Project("{FAE04EC0-301F-11D3-BF4B-00C04F79EFBC}") = "PizzaWork.DataLayer", "PizzaWork.DataLayer\PizzaWork.DataLayer.csproj", "{7F929F08-8771-4C47-85C9-267E5F7A9C01}"
EndProject
Global
	GlobalSection(SolutionConfigurationPlatforms) = preSolution
		Debug|Any CPU = Debug|Any CPU
		Release|Any CPU = Release|Any CPU
	EndGlobalSection
	GlobalSection(ProjectConfigurationPlatforms) = postSolution
		{ABAC57EF-0C0A-4F42-B2A9-359BF04651C1}.Debug|Any CPU.ActiveCfg = Debug|Any CPU
		{ABAC57EF-0C0A-4F42-B2A9-359BF04651C1}.Debug|Any CPU.Build.0 = Debug|Any CPU
		{ABAC57EF-0C0A-4F42-B2A9-359BF04651C1}.Release|Any CPU.ActiveCfg = Release|Any CPU
		{ABAC57EF-0C0A-4F42-B2A9-359BF04651C1}.Release|Any CPU.Build.0 = Release|Any CPU
		{E2312F5D-F40F-47A2-BD81-062514B3B698}.Debug|Any CPU.ActiveCfg = Debug|Any CPU
		{E2312F5D-F40F-47A2-BD81-062514B3B698}.Debug|Any CPU.Build.0 = Debug|Any CPU
		{E2312F5D-F40F-47A2-BD81-062514B3B698}.Release|Any CPU.ActiveCfg = Release|Any CPU
		{E2312F5D-F40F-47A2-BD81-062514B3B698}.Release|Any CPU.Build.0 = Release|Any CPU
		{7F929F08-8771-4C47-85C9-267E5F7A9C01}.Debug|Any CPU.ActiveCfg = Debug|Any CPU
		{7F929F08-8771-4C47-85C9-267E5F7A9C01}.Debug|Any CPU.Build.0 = Debug|Any CPU
		{7F929F08-8771-4C47-85C9-267E5F7A9C01}.Release|Any CPU.ActiveCfg = Release|Any CPU
		{7F929F08-8771-4C47-85C9-267E5F7A9C01}.Release|Any CPU.Build.0 = Release|Any CPU
	EndGlobalSection
	GlobalSection(SolutionProperties) = preSolution
		HideSolutionNode = FALSE
	EndGlobalSection
	GlobalSection(ExtensibilityGlobals) = postSolution
		SolutionGuid = {8C05D008-AC48-45B4-AE27-DA347538F437}
	EndGlobalSection
EndGlobal
